
Microsoft Visual Studio Solution File, Format Version 12.00
# Visual Studio Version 17
VisualStudioVersion = 17.4.33213.308
MinimumVisualStudioVersion = 10.0.40219.1
Project("{9A19103F-16F7-4668-BE54-9A1E7A4F7556}") = "Server", "Server\Server.csproj", "{5D6199E5-B17E-4780-922F-1DCC0420D0C0}"
EndProject
Project("{9A19103F-16F7-4668-BE54-9A1E7A4F7556}") = "ServerCore", "ServerCore\ServerCore.csproj", "{18156370-E804-4A36-B0C7-FCDC7EC5CA1A}"
EndProject
Project("{9A19103F-16F7-4668-BE54-9A1E7A4F7556}") = "DummyClient", "DummyClient\DummyClient.csproj", "{D50DFD73-585B-47BC-BA4F-09A57B940F54}"
EndProject
Project("{FAE04EC0-301F-11D3-BF4B-00C04F79EFBC}") = "PacketGenerator", "PacketGenerator\PacketGenerator.csproj", "{591573C7-874F-4BA0-A088-6A9D3D331C28}"
EndProject
Global
	GlobalSection(SolutionConfigurationPlatforms) = preSolution
		Debug|Any CPU = Debug|Any CPU
		Release|Any CPU = Release|Any CPU
	EndGlobalSection
	GlobalSection(ProjectConfigurationPlatforms) = postSolution
		{5D6199E5-B17E-4780-922F-1DCC0420D0C0}.Debug|Any CPU.ActiveCfg = Debug|Any CPU
		{5D6199E5-B17E-4780-922F-1DCC0420D0C0}.Debug|Any CPU.Build.0 = Debug|Any CPU
		{5D6199E5-B17E-4780-922F-1DCC0420D0C0}.Release|Any CPU.ActiveCfg = Release|Any CPU
		{5D6199E5-B17E-4780-922F-1DCC0420D0C0}.Release|Any CPU.Build.0 = Release|Any CPU
		{18156370-E804-4A36-B0C7-FCDC7EC5CA1A}.Debug|Any CPU.ActiveCfg = Debug|Any CPU
		{18156370-E804-4A36-B0C7-FCDC7EC5CA1A}.Debug|Any CPU.Build.0 = Debug|Any CPU
		{18156370-E804-4A36-B0C7-FCDC7EC5CA1A}.Release|Any CPU.ActiveCfg = Release|Any CPU
		{18156370-E804-4A36-B0C7-FCDC7EC5CA1A}.Release|Any CPU.Build.0 = Release|Any CPU
		{D50DFD73-585B-47BC-BA4F-09A57B940F54}.Debug|Any CPU.ActiveCfg = Debug|Any CPU
		{D50DFD73-585B-47BC-BA4F-09A57B940F54}.Debug|Any CPU.Build.0 = Debug|Any CPU
		{D50DFD73-585B-47BC-BA4F-09A57B940F54}.Release|Any CPU.ActiveCfg = Release|Any CPU
		{D50DFD73-585B-47BC-BA4F-09A57B940F54}.Release|Any CPU.Build.0 = Release|Any CPU
		{591573C7-874F-4BA0-A088-6A9D3D331C28}.Debug|Any CPU.ActiveCfg = Debug|Any CPU
		{591573C7-874F-4BA0-A088-6A9D3D331C28}.Debug|Any CPU.Build.0 = Debug|Any CPU
		{591573C7-874F-4BA0-A088-6A9D3D331C28}.Release|Any CPU.ActiveCfg = Release|Any CPU
		{591573C7-874F-4BA0-A088-6A9D3D331C28}.Release|Any CPU.Build.0 = Release|Any CPU
	EndGlobalSection
	GlobalSection(SolutionProperties) = preSolution
		HideSolutionNode = FALSE
	EndGlobalSection
	GlobalSection(ExtensibilityGlobals) = postSolution
		SolutionGuid = {DB35389C-8419-4018-98D7-AA0616FA8C85}
	EndGlobalSection
EndGlobal
